
Microsoft Visual Studio Solution File, Format Version 12.00
# Visual Studio 15
VisualStudioVersion = 15.0.27703.2035
MinimumVisualStudioVersion = 10.0.40219.1
Project("{FAE04EC0-301F-11D3-BF4B-00C04F79EFBC}") = "西洋棋", "WindowsFormsApp3\西洋棋.csproj", "{1313D37D-9773-4D84-B85C-1BD1E6FD62F0}"
EndProject
Global
	GlobalSection(SolutionConfigurationPlatforms) = preSolution
		Debug|Any CPU = Debug|Any CPU
		Release|Any CPU = Release|Any CPU
	EndGlobalSection
	GlobalSection(ProjectConfigurationPlatforms) = postSolution
		{1313D37D-9773-4D84-B85C-1BD1E6FD62F0}.Debug|Any CPU.ActiveCfg = Debug|Any CPU
		{1313D37D-9773-4D84-B85C-1BD1E6FD62F0}.Debug|Any CPU.Build.0 = Debug|Any CPU
		{1313D37D-9773-4D84-B85C-1BD1E6FD62F0}.Release|Any CPU.ActiveCfg = Release|Any CPU
		{1313D37D-9773-4D84-B85C-1BD1E6FD62F0}.Release|Any CPU.Build.0 = Release|Any CPU
	EndGlobalSection
	GlobalSection(SolutionProperties) = preSolution
		HideSolutionNode = FALSE
	EndGlobalSection
	GlobalSection(ExtensibilityGlobals) = postSolution
		SolutionGuid = {1045FFE1-BEDF-449E-B3A4-77F3D0AD71E2}
	EndGlobalSection
EndGlobal
